PODS:
  - OpenTok (2.16.1)
  - OTKAnalytics (2.1.0)
  - SVProgressHUD (2.2.1)

DEPENDENCIES:
  - OpenTok (= 2.16.1)
  - OTKAnalytics (= 2.1.0)
  - SVProgressHUD (= 2.2.1)

SPEC REPOS:
  https://github.com/cocoapods/specs.git:
    - OpenTok
    - OTKAnalytics
    - SVProgressHUD

SPEC CHECKSUMS:
  OpenTok: 12d3b8ce66ed7b59ac524dad75c7aa3fffd9ae52
  OTKAnalytics: d959cb9037564ce382cf79f1e43d0bf03a9dcd60
  SVProgressHUD: db27c54e6e18bc903341661fc9feb55e04905cc4

PODFILE CHECKSUM: 1223c0a9a11ab9406c5fafdeadf3e8e94b225ec6

COCOAPODS: 1.7.0.beta.3
