PODS:
  - Kiwi (3.0.0)
  - OpenTok (2.18.0)
  - OTKAnalytics (2.1.2)
  - SVProgressHUD (2.2.5)

DEPENDENCIES:
  - Kiwi
  - OpenTok (= 2.18.0)
  - OTKAnalytics (~> 2.1.2)
  - SVProgressHUD (~> 2.2.5)

SPEC REPOS:
  trunk:
    - Kiwi
    - OpenTok
    - OTKAnalytics
    - SVProgressHUD

SPEC CHECKSUMS:
  Kiwi: fbeafef0f00e4d8f7dcb3420a4930afe70af77f7
  OpenTok: bf4c81ff741e7976542c61b8f317882f8076eede
  OTKAnalytics: 2de2f8971b5af7f313882ada0b1eae25104296f4
  SVProgressHUD: 1428aafac632c1f86f62aa4243ec12008d7a51d6

PODFILE CHECKSUM: 6545a60d0f1c2260c64452bf874bb91fe4850690

COCOAPODS: 1.10.0.rc.1
